PODS:
  - DeepDiff (2.0.1)
  - Kingfisher (5.2.0)
  - KYDrawerController (2.1.0)

DEPENDENCIES:
  - DeepDiff
  - Kingfisher
  - KYDrawerController

SPEC REPOS:
  https://github.com/cocoapods/specs.git:
    - DeepDiff
    - Kingfisher
    - KYDrawerController

SPEC CHECKSUMS:
  DeepDiff: 1944bb2c841ab238a66b31de1faa7627f3ca84bd
  Kingfisher: 07067cfacf371117330dceb4b4b8f5c4b691ab42
  KYDrawerController: baad0e63b09c0cb564bd48f0f7f70f45d9176ebc

PODFILE CHECKSUM: 22cd6009e2752d0299c4ca5e50be98406bd0b0e6

COCOAPODS: 1.6.1
